PODS:
  - podtest (0.1.0)

DEPENDENCIES:
  - podtest (from `https://github.com/thomaslegge/privatePodTest.git`, branch `master`)

EXTERNAL SOURCES:
  podtest:
    :branch: master
    :git: https://github.com/thomaslegge/privatePodTest.git

CHECKOUT OPTIONS:
  podtest:
    :commit: 50360b0e3f7883f978e5ad3a2a9fc8bc993ac157
    :git: https://github.com/thomaslegge/privatePodTest.git

SPEC CHECKSUMS:
  podtest: 167612932755e46aa8e5291b0e939ab35ff73e4a

PODFILE CHECKSUM: e74516d7d118d24bbdfbfd8db5f29a1d027c5ec1

COCOAPODS: 1.10.1
